
Microsoft Visual Studio Solution File, Format Version 12.00
# Visual Studio 2013
VisualStudioVersion = 12.0.40629.0
MinimumVisualStudioVersion = 10.0.40219.1
Project("{8BC9CEB8-8B4A-11D0-8D11-00A0C91BC942}") = "MobigoSecureApp", "MobigoSecureApp\MobigoSecureApp.vcxproj", "{D329F0DC-F570-4A47-B384-C5A8FC6CEFD4}"
	ProjectSection(ProjectDependencies) = postProject
		{DDAA210C-EA31-4D69-9B98-16DE924AED5F} = {DDAA210C-EA31-4D69-9B98-16DE924AED5F}
		{3A7C5353-5895-47A0-B081-C3758AB44E79} = {3A7C5353-5895-47A0-B081-C3758AB44E79}
		{44A0C5AD-0932-46AC-9DE5-AE0EB0DB2F75} = {44A0C5AD-0932-46AC-9DE5-AE0EB0DB2F75}
		{023E3FDE-DF27-4BA5-AE59-7DD88B238D0C} = {023E3FDE-DF27-4BA5-AE59-7DD88B238D0C}
	EndProjectSection
EndProject
Project("{8BC9CEB8-8B4A-11D0-8D11-00A0C91BC942}") = "MobigoSecureCommon", "MobigoSecureCommon\MobigoSecureCommon.vcxproj", "{44A0C5AD-0932-46AC-9DE5-AE0EB0DB2F75}"
EndProject
Project("{8BC9CEB8-8B4A-11D0-8D11-00A0C91BC942}") = "MobigoSecureDebugger", "MobigoSecureDebugger\MobigoSecureDebugger.vcxproj", "{3A7C5353-5895-47A0-B081-C3758AB44E79}"
	ProjectSection(ProjectDependencies) = postProject
		{44A0C5AD-0932-46AC-9DE5-AE0EB0DB2F75} = {44A0C5AD-0932-46AC-9DE5-AE0EB0DB2F75}
	EndProjectSection
EndProject
Project("{8BC9CEB8-8B4A-11D0-8D11-00A0C91BC942}") = "GionKernel", "GionKernel\GionKernel.vcxproj", "{023E3FDE-DF27-4BA5-AE59-7DD88B238D0C}"
EndProject
Project("{8BC9CEB8-8B4A-11D0-8D11-00A0C91BC942}") = "MobigoSecureUpgrader", "MobigoSecureUpgrader\MobigoSecureUpgrader.vcxproj", "{D4158CAF-7FEB-45D0-AA9E-B9C166CB5961}"
	ProjectSection(ProjectDependencies) = postProject
		{F8E3E74B-42AB-4781-A95A-FE51CD702892} = {F8E3E74B-42AB-4781-A95A-FE51CD702892}
		{3A7C5353-5895-47A0-B081-C3758AB44E79} = {3A7C5353-5895-47A0-B081-C3758AB44E79}
		{44A0C5AD-0932-46AC-9DE5-AE0EB0DB2F75} = {44A0C5AD-0932-46AC-9DE5-AE0EB0DB2F75}
	EndProjectSection
EndProject
Project("{8BC9CEB8-8B4A-11D0-8D11-00A0C91BC942}") = "MSecureKernel", "..\MSecureKernel\Mobigo_Secure_Kernel\MSecureKernel\MSecureKernel.vcxproj", "{DDAA210C-EA31-4D69-9B98-16DE924AED5F}"
EndProject
Project("{8BC9CEB8-8B4A-11D0-8D11-00A0C91BC942}") = "MobigoSecureNothing", "MobigoSecureNothing\MobigoSecureNothing.vcxproj", "{5BB3D670-F974-4121-9105-171E075DE50B}"
	ProjectSection(ProjectDependencies) = postProject
		{44A0C5AD-0932-46AC-9DE5-AE0EB0DB2F75} = {44A0C5AD-0932-46AC-9DE5-AE0EB0DB2F75}
	EndProjectSection
EndProject
Project("{8BC9CEB8-8B4A-11D0-8D11-00A0C91BC942}") = "MobigoSecureKiller", "MobigoSecureKiller\MobigoSecureKiller.vcxproj", "{F8E3E74B-42AB-4781-A95A-FE51CD702892}"
	ProjectSection(ProjectDependencies) = postProject
		{44A0C5AD-0932-46AC-9DE5-AE0EB0DB2F75} = {44A0C5AD-0932-46AC-9DE5-AE0EB0DB2F75}
	EndProjectSection
EndProject
Project("{8BC9CEB8-8B4A-11D0-8D11-00A0C91BC942}") = "MobigoSecureRebooter", "MobigoSecureRebooter\MobigoSecureRebooter.vcxproj", "{10F65E36-2F59-4BAF-AE6E-030B1F1101F1}"
	ProjectSection(ProjectDependencies) = postProject
		{44A0C5AD-0932-46AC-9DE5-AE0EB0DB2F75} = {44A0C5AD-0932-46AC-9DE5-AE0EB0DB2F75}
	EndProjectSection
EndProject
Global
	GlobalSection(SolutionConfigurationPlatforms) = preSolution
		Debug_GLOBAL|Win32 = Debug_GLOBAL|Win32
		Debug_GSCCPP|Win32 = Debug_GSCCPP|Win32
		Debug_LOCAL|Win32 = Debug_LOCAL|Win32
		Debug_Mobigo_Online|Win32 = Debug_Mobigo_Online|Win32
		Debug_Secure|Win32 = Debug_Secure|Win32
		Debug|Win32 = Debug|Win32
		Release_GLOBAL|Win32 = Release_GLOBAL|Win32
		Release_GSCCPP|Win32 = Release_GSCCPP|Win32
		Release_Mobigo_Online|Win32 = Release_Mobigo_Online|Win32
		Release_Secure|Win32 = Release_Secure|Win32
		Release|Win32 = Release|Win32
	EndGlobalSection
	GlobalSection(ProjectConfigurationPlatforms) = postSolution
		{D329F0DC-F570-4A47-B384-C5A8FC6CEFD4}.Debug_GLOBAL|Win32.ActiveCfg = Debug|Win32
		{D329F0DC-F570-4A47-B384-C5A8FC6CEFD4}.Debug_GLOBAL|Win32.Build.0 = Debug|Win32
		{D329F0DC-F570-4A47-B384-C5A8FC6CEFD4}.Debug_GSCCPP|Win32.ActiveCfg = Debug|Win32
		{D329F0DC-F570-4A47-B384-C5A8FC6CEFD4}.Debug_GSCCPP|Win32.Build.0 = Debug|Win32
		{D329F0DC-F570-4A47-B384-C5A8FC6CEFD4}.Debug_LOCAL|Win32.ActiveCfg = Debug|Win32
		{D329F0DC-F570-4A47-B384-C5A8FC6CEFD4}.Debug_LOCAL|Win32.Build.0 = Debug|Win32
		{D329F0DC-F570-4A47-B384-C5A8FC6CEFD4}.Debug_Mobigo_Online|Win32.ActiveCfg = Debug|Win32
		{D329F0DC-F570-4A47-B384-C5A8FC6CEFD4}.Debug_Mobigo_Online|Win32.Build.0 = Debug|Win32
		{D329F0DC-F570-4A47-B384-C5A8FC6CEFD4}.Debug_Secure|Win32.ActiveCfg = Debug|Win32
		{D329F0DC-F570-4A47-B384-C5A8FC6CEFD4}.Debug_Secure|Win32.Build.0 = Debug|Win32
		{D329F0DC-F570-4A47-B384-C5A8FC6CEFD4}.Debug|Win32.ActiveCfg = Debug|Win32
		{D329F0DC-F570-4A47-B384-C5A8FC6CEFD4}.Debug|Win32.Build.0 = Debug|Win32
		{D329F0DC-F570-4A47-B384-C5A8FC6CEFD4}.Release_GLOBAL|Win32.ActiveCfg = Release|Win32
		{D329F0DC-F570-4A47-B384-C5A8FC6CEFD4}.Release_GLOBAL|Win32.Build.0 = Release|Win32
		{D329F0DC-F570-4A47-B384-C5A8FC6CEFD4}.Release_GSCCPP|Win32.ActiveCfg = Release|Win32
		{D329F0DC-F570-4A47-B384-C5A8FC6CEFD4}.Release_GSCCPP|Win32.Build.0 = Release|Win32
		{D329F0DC-F570-4A47-B384-C5A8FC6CEFD4}.Release_Mobigo_Online|Win32.ActiveCfg = Release|Win32
		{D329F0DC-F570-4A47-B384-C5A8FC6CEFD4}.Release_Mobigo_Online|Win32.Build.0 = Release|Win32
		{D329F0DC-F570-4A47-B384-C5A8FC6CEFD4}.Release_Secure|Win32.ActiveCfg = Release|Win32
		{D329F0DC-F570-4A47-B384-C5A8FC6CEFD4}.Release_Secure|Win32.Build.0 = Release|Win32
		{D329F0DC-F570-4A47-B384-C5A8FC6CEFD4}.Release|Win32.ActiveCfg = Release|Win32
		{D329F0DC-F570-4A47-B384-C5A8FC6CEFD4}.Release|Win32.Build.0 = Release|Win32
		{44A0C5AD-0932-46AC-9DE5-AE0EB0DB2F75}.Debug_GLOBAL|Win32.ActiveCfg = Debug|Win32
		{44A0C5AD-0932-46AC-9DE5-AE0EB0DB2F75}.Debug_GLOBAL|Win32.Build.0 = Debug|Win32
		{44A0C5AD-0932-46AC-9DE5-AE0EB0DB2F75}.Debug_GSCCPP|Win32.ActiveCfg = Debug|Win32
		{44A0C5AD-0932-46AC-9DE5-AE0EB0DB2F75}.Debug_GSCCPP|Win32.Build.0 = Debug|Win32
		{44A0C5AD-0932-46AC-9DE5-AE0EB0DB2F75}.Debug_LOCAL|Win32.ActiveCfg = Debug|Win32
		{44A0C5AD-0932-46AC-9DE5-AE0EB0DB2F75}.Debug_LOCAL|Win32.Build.0 = Debug|Win32
		{44A0C5AD-0932-46AC-9DE5-AE0EB0DB2F75}.Debug_Mobigo_Online|Win32.ActiveCfg = Debug|Win32
		{44A0C5AD-0932-46AC-9DE5-AE0EB0DB2F75}.Debug_Mobigo_Online|Win32.Build.0 = Debug|Win32
		{44A0C5AD-0932-46AC-9DE5-AE0EB0DB2F75}.Debug_Secure|Win32.ActiveCfg = Debug|Win32
		{44A0C5AD-0932-46AC-9DE5-AE0EB0DB2F75}.Debug_Secure|Win32.Build.0 = Debug|Win32
		{44A0C5AD-0932-46AC-9DE5-AE0EB0DB2F75}.Debug|Win32.ActiveCfg = Debug|Win32
		{44A0C5AD-0932-46AC-9DE5-AE0EB0DB2F75}.Debug|Win32.Build.0 = Debug|Win32
		{44A0C5AD-0932-46AC-9DE5-AE0EB0DB2F75}.Release_GLOBAL|Win32.ActiveCfg = Release|Win32
		{44A0C5AD-0932-46AC-9DE5-AE0EB0DB2F75}.Release_GLOBAL|Win32.Build.0 = Release|Win32
		{44A0C5AD-0932-46AC-9DE5-AE0EB0DB2F75}.Release_GSCCPP|Win32.ActiveCfg = Release|Win32
		{44A0C5AD-0932-46AC-9DE5-AE0EB0DB2F75}.Release_GSCCPP|Win32.Build.0 = Release|Win32
		{44A0C5AD-0932-46AC-9DE5-AE0EB0DB2F75}.Release_Mobigo_Online|Win32.ActiveCfg = Release|Win32
		{44A0C5AD-0932-46AC-9DE5-AE0EB0DB2F75}.Release_Mobigo_Online|Win32.Build.0 = Release|Win32
		{44A0C5AD-0932-46AC-9DE5-AE0EB0DB2F75}.Release_Secure|Win32.ActiveCfg = Release|Win32
		{44A0C5AD-0932-46AC-9DE5-AE0EB0DB2F75}.Release_Secure|Win32.Build.0 = Release|Win32
		{44A0C5AD-0932-46AC-9DE5-AE0EB0DB2F75}.Release|Win32.ActiveCfg = Release|Win32
		{44A0C5AD-0932-46AC-9DE5-AE0EB0DB2F75}.Release|Win32.Build.0 = Release|Win32
		{3A7C5353-5895-47A0-B081-C3758AB44E79}.Debug_GLOBAL|Win32.ActiveCfg = Debug|Win32
		{3A7C5353-5895-47A0-B081-C3758AB44E79}.Debug_GLOBAL|Win32.Build.0 = Debug|Win32
		{3A7C5353-5895-47A0-B081-C3758AB44E79}.Debug_GSCCPP|Win32.ActiveCfg = Debug|Win32
		{3A7C5353-5895-47A0-B081-C3758AB44E79}.Debug_GSCCPP|Win32.Build.0 = Debug|Win32
		{3A7C5353-5895-47A0-B081-C3758AB44E79}.Debug_LOCAL|Win32.ActiveCfg = Debug|Win32
		{3A7C5353-5895-47A0-B081-C3758AB44E79}.Debug_LOCAL|Win32.Build.0 = Debug|Win32
		{3A7C5353-5895-47A0-B081-C3758AB44E79}.Debug_Mobigo_Online|Win32.ActiveCfg = Debug|Win32
		{3A7C5353-5895-47A0-B081-C3758AB44E79}.Debug_Mobigo_Online|Win32.Build.0 = Debug|Win32
		{3A7C5353-5895-47A0-B081-C3758AB44E79}.Debug_Secure|Win32.ActiveCfg = Debug|Win32
		{3A7C5353-5895-47A0-B081-C3758AB44E79}.Debug_Secure|Win32.Build.0 = Debug|Win32
		{3A7C5353-5895-47A0-B081-C3758AB44E79}.Debug|Win32.ActiveCfg = Debug|Win32
		{3A7C5353-5895-47A0-B081-C3758AB44E79}.Debug|Win32.Build.0 = Debug|Win32
		{3A7C5353-5895-47A0-B081-C3758AB44E79}.Release_GLOBAL|Win32.ActiveCfg = Release|Win32
		{3A7C5353-5895-47A0-B081-C3758AB44E79}.Release_GLOBAL|Win32.Build.0 = Release|Win32
		{3A7C5353-5895-47A0-B081-C3758AB44E79}.Release_GSCCPP|Win32.ActiveCfg = Release|Win32
		{3A7C5353-5895-47A0-B081-C3758AB44E79}.Release_GSCCPP|Win32.Build.0 = Release|Win32
		{3A7C5353-5895-47A0-B081-C3758AB44E79}.Release_Mobigo_Online|Win32.ActiveCfg = Release|Win32
		{3A7C5353-5895-47A0-B081-C3758AB44E79}.Release_Mobigo_Online|Win32.Build.0 = Release|Win32
		{3A7C5353-5895-47A0-B081-C3758AB44E79}.Release_Secure|Win32.ActiveCfg = Release|Win32
		{3A7C5353-5895-47A0-B081-C3758AB44E79}.Release_Secure|Win32.Build.0 = Release|Win32
		{3A7C5353-5895-47A0-B081-C3758AB44E79}.Release|Win32.ActiveCfg = Release|Win32
		{3A7C5353-5895-47A0-B081-C3758AB44E79}.Release|Win32.Build.0 = Release|Win32
		{023E3FDE-DF27-4BA5-AE59-7DD88B238D0C}.Debug_GLOBAL|Win32.ActiveCfg = Debug_GLOBAL|Win32
		{023E3FDE-DF27-4BA5-AE59-7DD88B238D0C}.Debug_GLOBAL|Win32.Build.0 = Debug_GLOBAL|Win32
		{023E3FDE-DF27-4BA5-AE59-7DD88B238D0C}.Debug_GSCCPP|Win32.ActiveCfg = Debug_GSCCPP|Win32
		{023E3FDE-DF27-4BA5-AE59-7DD88B238D0C}.Debug_GSCCPP|Win32.Build.0 = Debug_GSCCPP|Win32
		{023E3FDE-DF27-4BA5-AE59-7DD88B238D0C}.Debug_LOCAL|Win32.ActiveCfg = Debug_LOCAL|Win32
		{023E3FDE-DF27-4BA5-AE59-7DD88B238D0C}.Debug_LOCAL|Win32.Build.0 = Debug_LOCAL|Win32
		{023E3FDE-DF27-4BA5-AE59-7DD88B238D0C}.Debug_Mobigo_Online|Win32.ActiveCfg = Debug_Mobigo_Online|Win32
		{023E3FDE-DF27-4BA5-AE59-7DD88B238D0C}.Debug_Mobigo_Online|Win32.Build.0 = Debug_Mobigo_Online|Win32
		{023E3FDE-DF27-4BA5-AE59-7DD88B238D0C}.Debug_Secure|Win32.ActiveCfg = Debug_Mobigo_Online|Win32
		{023E3FDE-DF27-4BA5-AE59-7DD88B238D0C}.Debug_Secure|Win32.Build.0 = Debug_Mobigo_Online|Win32
		{023E3FDE-DF27-4BA5-AE59-7DD88B238D0C}.Debug|Win32.ActiveCfg = Debug_LOCAL|Win32
		{023E3FDE-DF27-4BA5-AE59-7DD88B238D0C}.Debug|Win32.Build.0 = Debug_LOCAL|Win32
		{023E3FDE-DF27-4BA5-AE59-7DD88B238D0C}.Release_GLOBAL|Win32.ActiveCfg = Release_GLOBAL|Win32
		{023E3FDE-DF27-4BA5-AE59-7DD88B238D0C}.Release_GLOBAL|Win32.Build.0 = Release_GLOBAL|Win32
		{023E3FDE-DF27-4BA5-AE59-7DD88B238D0C}.Release_GSCCPP|Win32.ActiveCfg = Release_GSCCPP|Win32
		{023E3FDE-DF27-4BA5-AE59-7DD88B238D0C}.Release_GSCCPP|Win32.Build.0 = Release_GSCCPP|Win32
		{023E3FDE-DF27-4BA5-AE59-7DD88B238D0C}.Release_Mobigo_Online|Win32.ActiveCfg = Release_Mobigo_Online|Win32
		{023E3FDE-DF27-4BA5-AE59-7DD88B238D0C}.Release_Mobigo_Online|Win32.Build.0 = Release_Mobigo_Online|Win32
		{023E3FDE-DF27-4BA5-AE59-7DD88B238D0C}.Release_Secure|Win32.ActiveCfg = Release_Mobigo_Online|Win32
		{023E3FDE-DF27-4BA5-AE59-7DD88B238D0C}.Release_Secure|Win32.Build.0 = Release_Mobigo_Online|Win32
		{023E3FDE-DF27-4BA5-AE59-7DD88B238D0C}.Release|Win32.ActiveCfg = Release_Mobigo_Online|Win32
		{023E3FDE-DF27-4BA5-AE59-7DD88B238D0C}.Release|Win32.Build.0 = Release_Mobigo_Online|Win32
		{D4158CAF-7FEB-45D0-AA9E-B9C166CB5961}.Debug_GLOBAL|Win32.ActiveCfg = Debug|Win32
		{D4158CAF-7FEB-45D0-AA9E-B9C166CB5961}.Debug_GLOBAL|Win32.Build.0 = Debug|Win32
		{D4158CAF-7FEB-45D0-AA9E-B9C166CB5961}.Debug_GSCCPP|Win32.ActiveCfg = Debug|Win32
		{D4158CAF-7FEB-45D0-AA9E-B9C166CB5961}.Debug_GSCCPP|Win32.Build.0 = Debug|Win32
		{D4158CAF-7FEB-45D0-AA9E-B9C166CB5961}.Debug_LOCAL|Win32.ActiveCfg = Debug|Win32
		{D4158CAF-7FEB-45D0-AA9E-B9C166CB5961}.Debug_LOCAL|Win32.Build.0 = Debug|Win32
		{D4158CAF-7FEB-45D0-AA9E-B9C166CB5961}.Debug_Mobigo_Online|Win32.ActiveCfg = Debug|Win32
		{D4158CAF-7FEB-45D0-AA9E-B9C166CB5961}.Debug_Mobigo_Online|Win32.Build.0 = Debug|Win32
		{D4158CAF-7FEB-45D0-AA9E-B9C166CB5961}.Debug_Secure|Win32.ActiveCfg = Debug|Win32
		{D4158CAF-7FEB-45D0-AA9E-B9C166CB5961}.Debug_Secure|Win32.Build.0 = Debug|Win32
		{D4158CAF-7FEB-45D0-AA9E-B9C166CB5961}.Debug|Win32.ActiveCfg = Debug|Win32
		{D4158CAF-7FEB-45D0-AA9E-B9C166CB5961}.Debug|Win32.Build.0 = Debug|Win32
		{D4158CAF-7FEB-45D0-AA9E-B9C166CB5961}.Release_GLOBAL|Win32.ActiveCfg = Release|Win32
		{D4158CAF-7FEB-45D0-AA9E-B9C166CB5961}.Release_GLOBAL|Win32.Build.0 = Release|Win32
		{D4158CAF-7FEB-45D0-AA9E-B9C166CB5961}.Release_GSCCPP|Win32.ActiveCfg = Release|Win32
		{D4158CAF-7FEB-45D0-AA9E-B9C166CB5961}.Release_GSCCPP|Win32.Build.0 = Release|Win32
		{D4158CAF-7FEB-45D0-AA9E-B9C166CB5961}.Release_Mobigo_Online|Win32.ActiveCfg = Release|Win32
		{D4158CAF-7FEB-45D0-AA9E-B9C166CB5961}.Release_Mobigo_Online|Win32.Build.0 = Release|Win32
		{D4158CAF-7FEB-45D0-AA9E-B9C166CB5961}.Release_Secure|Win32.ActiveCfg = Release|Win32
		{D4158CAF-7FEB-45D0-AA9E-B9C166CB5961}.Release_Secure|Win32.Build.0 = Release|Win32
		{D4158CAF-7FEB-45D0-AA9E-B9C166CB5961}.Release|Win32.ActiveCfg = Release|Win32
		{D4158CAF-7FEB-45D0-AA9E-B9C166CB5961}.Release|Win32.Build.0 = Release|Win32
		{DDAA210C-EA31-4D69-9B98-16DE924AED5F}.Debug_GLOBAL|Win32.ActiveCfg = Debug_GLOBAL|Win32
		{DDAA210C-EA31-4D69-9B98-16DE924AED5F}.Debug_GLOBAL|Win32.Build.0 = Debug_GLOBAL|Win32
		{DDAA210C-EA31-4D69-9B98-16DE924AED5F}.Debug_GSCCPP|Win32.ActiveCfg = Debug_GSCCPP|Win32
		{DDAA210C-EA31-4D69-9B98-16DE924AED5F}.Debug_GSCCPP|Win32.Build.0 = Debug_GSCCPP|Win32
		{DDAA210C-EA31-4D69-9B98-16DE924AED5F}.Debug_LOCAL|Win32.ActiveCfg = Debug_LOCAL|Win32
		{DDAA210C-EA31-4D69-9B98-16DE924AED5F}.Debug_LOCAL|Win32.Build.0 = Debug_LOCAL|Win32
		{DDAA210C-EA31-4D69-9B98-16DE924AED5F}.Debug_Mobigo_Online|Win32.ActiveCfg = Debug_Mobigo_Online|Win32
		{DDAA210C-EA31-4D69-9B98-16DE924AED5F}.Debug_Mobigo_Online|Win32.Build.0 = Debug_Mobigo_Online|Win32
		{DDAA210C-EA31-4D69-9B98-16DE924AED5F}.Debug_Secure|Win32.ActiveCfg = Debug_Secure|Win32
		{DDAA210C-EA31-4D69-9B98-16DE924AED5F}.Debug_Secure|Win32.Build.0 = Debug_Secure|Win32
		{DDAA210C-EA31-4D69-9B98-16DE924AED5F}.Debug|Win32.ActiveCfg = Debug_LOCAL|Win32
		{DDAA210C-EA31-4D69-9B98-16DE924AED5F}.Debug|Win32.Build.0 = Debug_LOCAL|Win32
		{DDAA210C-EA31-4D69-9B98-16DE924AED5F}.Release_GLOBAL|Win32.ActiveCfg = Release_GLOBAL|Win32
		{DDAA210C-EA31-4D69-9B98-16DE924AED5F}.Release_GLOBAL|Win32.Build.0 = Release_GLOBAL|Win32
		{DDAA210C-EA31-4D69-9B98-16DE924AED5F}.Release_GSCCPP|Win32.ActiveCfg = Release_GSCCPP|Win32
		{DDAA210C-EA31-4D69-9B98-16DE924AED5F}.Release_GSCCPP|Win32.Build.0 = Release_GSCCPP|Win32
		{DDAA210C-EA31-4D69-9B98-16DE924AED5F}.Release_Mobigo_Online|Win32.ActiveCfg = Release_Mobigo_Online|Win32
		{DDAA210C-EA31-4D69-9B98-16DE924AED5F}.Release_Mobigo_Online|Win32.Build.0 = Release_Mobigo_Online|Win32
		{DDAA210C-EA31-4D69-9B98-16DE924AED5F}.Release_Secure|Win32.ActiveCfg = Release_Secure|Win32
		{DDAA210C-EA31-4D69-9B98-16DE924AED5F}.Release_Secure|Win32.Build.0 = Release_Secure|Win32
		{DDAA210C-EA31-4D69-9B98-16DE924AED5F}.Release|Win32.ActiveCfg = Release_Mobigo_Online|Win32
		{DDAA210C-EA31-4D69-9B98-16DE924AED5F}.Release|Win32.Build.0 = Release_Mobigo_Online|Win32
		{5BB3D670-F974-4121-9105-171E075DE50B}.Debug_GLOBAL|Win32.ActiveCfg = Debug|Win32
		{5BB3D670-F974-4121-9105-171E075DE50B}.Debug_GLOBAL|Win32.Build.0 = Debug|Win32
		{5BB3D670-F974-4121-9105-171E075DE50B}.Debug_GSCCPP|Win32.ActiveCfg = Debug|Win32
		{5BB3D670-F974-4121-9105-171E075DE50B}.Debug_GSCCPP|Win32.Build.0 = Debug|Win32
		{5BB3D670-F974-4121-9105-171E075DE50B}.Debug_LOCAL|Win32.ActiveCfg = Debug|Win32
		{5BB3D670-F974-4121-9105-171E075DE50B}.Debug_LOCAL|Win32.Build.0 = Debug|Win32
		{5BB3D670-F974-4121-9105-171E075DE50B}.Debug_Mobigo_Online|Win32.ActiveCfg = Debug|Win32
		{5BB3D670-F974-4121-9105-171E075DE50B}.Debug_Mobigo_Online|Win32.Build.0 = Debug|Win32
		{5BB3D670-F974-4121-9105-171E075DE50B}.Debug_Secure|Win32.ActiveCfg = Debug|Win32
		{5BB3D670-F974-4121-9105-171E075DE50B}.Debug_Secure|Win32.Build.0 = Debug|Win32
		{5BB3D670-F974-4121-9105-171E075DE50B}.Debug|Win32.ActiveCfg = Debug|Win32
		{5BB3D670-F974-4121-9105-171E075DE50B}.Debug|Win32.Build.0 = Debug|Win32
		{5BB3D670-F974-4121-9105-171E075DE50B}.Release_GLOBAL|Win32.ActiveCfg = Release|Win32
		{5BB3D670-F974-4121-9105-171E075DE50B}.Release_GLOBAL|Win32.Build.0 = Release|Win32
		{5BB3D670-F974-4121-9105-171E075DE50B}.Release_GSCCPP|Win32.ActiveCfg = Release|Win32
		{5BB3D670-F974-4121-9105-171E075DE50B}.Release_GSCCPP|Win32.Build.0 = Release|Win32
		{5BB3D670-F974-4121-9105-171E075DE50B}.Release_Mobigo_Online|Win32.ActiveCfg = Release|Win32
		{5BB3D670-F974-4121-9105-171E075DE50B}.Release_Mobigo_Online|Win32.Build.0 = Release|Win32
		{5BB3D670-F974-4121-9105-171E075DE50B}.Release_Secure|Win32.ActiveCfg = Release|Win32
		{5BB3D670-F974-4121-9105-171E075DE50B}.Release_Secure|Win32.Build.0 = Release|Win32
		{5BB3D670-F974-4121-9105-171E075DE50B}.Release|Win32.ActiveCfg = Release|Win32
		{5BB3D670-F974-4121-9105-171E075DE50B}.Release|Win32.Build.0 = Release|Win32
		{F8E3E74B-42AB-4781-A95A-FE51CD702892}.Debug_GLOBAL|Win32.ActiveCfg = Debug|Win32
		{F8E3E74B-42AB-4781-A95A-FE51CD702892}.Debug_GLOBAL|Win32.Build.0 = Debug|Win32
		{F8E3E74B-42AB-4781-A95A-FE51CD702892}.Debug_GSCCPP|Win32.ActiveCfg = Debug|Win32
		{F8E3E74B-42AB-4781-A95A-FE51CD702892}.Debug_GSCCPP|Win32.Build.0 = Debug|Win32
		{F8E3E74B-42AB-4781-A95A-FE51CD702892}.Debug_LOCAL|Win32.ActiveCfg = Debug|Win32
		{F8E3E74B-42AB-4781-A95A-FE51CD702892}.Debug_LOCAL|Win32.Build.0 = Debug|Win32
		{F8E3E74B-42AB-4781-A95A-FE51CD702892}.Debug_Mobigo_Online|Win32.ActiveCfg = Debug|Win32
		{F8E3E74B-42AB-4781-A95A-FE51CD702892}.Debug_Mobigo_Online|Win32.Build.0 = Debug|Win32
		{F8E3E74B-42AB-4781-A95A-FE51CD702892}.Debug_Secure|Win32.ActiveCfg = Debug|Win32
		{F8E3E74B-42AB-4781-A95A-FE51CD702892}.Debug_Secure|Win32.Build.0 = Debug|Win32
		{F8E3E74B-42AB-4781-A95A-FE51CD702892}.Debug|Win32.ActiveCfg = Debug|Win32
		{F8E3E74B-42AB-4781-A95A-FE51CD702892}.Debug|Win32.Build.0 = Debug|Win32
		{F8E3E74B-42AB-4781-A95A-FE51CD702892}.Release_GLOBAL|Win32.ActiveCfg = Release|Win32
		{F8E3E74B-42AB-4781-A95A-FE51CD702892}.Release_GLOBAL|Win32.Build.0 = Release|Win32
		{F8E3E74B-42AB-4781-A95A-FE51CD702892}.Release_GSCCPP|Win32.ActiveCfg = Release|Win32
		{F8E3E74B-42AB-4781-A95A-FE51CD702892}.Release_GSCCPP|Win32.Build.0 = Release|Win32
		{F8E3E74B-42AB-4781-A95A-FE51CD702892}.Release_Mobigo_Online|Win32.ActiveCfg = Release|Win32
		{F8E3E74B-42AB-4781-A95A-FE51CD702892}.Release_Mobigo_Online|Win32.Build.0 = Release|Win32
		{F8E3E74B-42AB-4781-A95A-FE51CD702892}.Release_Secure|Win32.ActiveCfg = Release|Win32
		{F8E3E74B-42AB-4781-A95A-FE51CD702892}.Release_Secure|Win32.Build.0 = Release|Win32
		{F8E3E74B-42AB-4781-A95A-FE51CD702892}.Release|Win32.ActiveCfg = Release|Win32
		{F8E3E74B-42AB-4781-A95A-FE51CD702892}.Release|Win32.Build.0 = Release|Win32
		{10F65E36-2F59-4BAF-AE6E-030B1F1101F1}.Debug_GLOBAL|Win32.ActiveCfg = Debug|Win32
		{10F65E36-2F59-4BAF-AE6E-030B1F1101F1}.Debug_GLOBAL|Win32.Build.0 = Debug|Win32
		{10F65E36-2F59-4BAF-AE6E-030B1F1101F1}.Debug_GSCCPP|Win32.ActiveCfg = Debug|Win32
		{10F65E36-2F59-4BAF-AE6E-030B1F1101F1}.Debug_GSCCPP|Win32.Build.0 = Debug|Win32
		{10F65E36-2F59-4BAF-AE6E-030B1F1101F1}.Debug_LOCAL|Win32.ActiveCfg = Debug|Win32
		{10F65E36-2F59-4BAF-AE6E-030B1F1101F1}.Debug_LOCAL|Win32.Build.0 = Debug|Win32
		{10F65E36-2F59-4BAF-AE6E-030B1F1101F1}.Debug_Mobigo_Online|Win32.ActiveCfg = Debug|Win32
		{10F65E36-2F59-4BAF-AE6E-030B1F1101F1}.Debug_Mobigo_Online|Win32.Build.0 = Debug|Win32
		{10F65E36-2F59-4BAF-AE6E-030B1F1101F1}.Debug_Secure|Win32.ActiveCfg = Debug|Win32
		{10F65E36-2F59-4BAF-AE6E-030B1F1101F1}.Debug_Secure|Win32.Build.0 = Debug|Win32
		{10F65E36-2F59-4BAF-AE6E-030B1F1101F1}.Debug|Win32.ActiveCfg = Debug|Win32
		{10F65E36-2F59-4BAF-AE6E-030B1F1101F1}.Debug|Win32.Build.0 = Debug|Win32
		{10F65E36-2F59-4BAF-AE6E-030B1F1101F1}.Release_GLOBAL|Win32.ActiveCfg = Release|Win32
		{10F65E36-2F59-4BAF-AE6E-030B1F1101F1}.Release_GLOBAL|Win32.Build.0 = Release|Win32
		{10F65E36-2F59-4BAF-AE6E-030B1F1101F1}.Release_GSCCPP|Win32.ActiveCfg = Release|Win32
		{10F65E36-2F59-4BAF-AE6E-030B1F1101F1}.Release_GSCCPP|Win32.Build.0 = Release|Win32
		{10F65E36-2F59-4BAF-AE6E-030B1F1101F1}.Release_Mobigo_Online|Win32.ActiveCfg = Release|Win32
		{10F65E36-2F59-4BAF-AE6E-030B1F1101F1}.Release_Mobigo_Online|Win32.Build.0 = Release|Win32
		{10F65E36-2F59-4BAF-AE6E-030B1F1101F1}.Release_Secure|Win32.ActiveCfg = Release|Win32
		{10F65E36-2F59-4BAF-AE6E-030B1F1101F1}.Release_Secure|Win32.Build.0 = Release|Win32
		{10F65E36-2F59-4BAF-AE6E-030B1F1101F1}.Release|Win32.ActiveCfg = Release|Win32
		{10F65E36-2F59-4BAF-AE6E-030B1F1101F1}.Release|Win32.Build.0 = Release|Win32
	EndGlobalSection
	GlobalSection(SolutionProperties) = preSolution
		HideSolutionNode = FALSE
	EndGlobalSection
EndGlobal
