<?xml version="1.0" encoding="utf-8"?>
<Project ToolsVersion="4.0" xmlns="http://schemas.microsoft.com/developer/msbuild/2003">
  <ItemGroup>
    <ClCompile Include="src\ConsoleDebug.cpp">
      <Filter>source</Filter>
    </ClCompile>
    <ClCompile Include="Mobigo_Debugger.cpp">
      <Filter>source</Filter>
    </ClCompile>
    <ClCompile Include="dllmain.cpp">
      <Filter>source</Filter>
    </ClCompile>
    <ClCompile Include="src\Debug.cpp">
      <Filter>source</Filter>
    </ClCompile>
    <ClCompile Include="src\DebugEx.cpp">
      <Filter>source</Filter>
    </ClCompile>
    <ClCompile Include="stdafx.cpp">
      <Filter>source</Filter>
    </ClCompile>
    <ClCompile Include="src\CGscConst2Str.cpp">
      <Filter>source</Filter>
    </ClCompile>
  </ItemGroup>
  <ItemGroup>
    <ClInclude Include="src\ConsoleDebug.h">
      <Filter>header</Filter>
    </ClInclude>
    <ClInclude Include="src\Debug.h">
      <Filter>header</Filter>
    </ClInclude>
    <ClInclude Include="src\DebugEx.h">
      <Filter>header</Filter>
    </ClInclude>
    <ClInclude Include="stdafx.h">
      <Filter>header</Filter>
    </ClInclude>
    <ClInclude Include="Resource.h">
      <Filter>header</Filter>
    </ClInclude>
    <ClInclude Include="src\GscConst2Str.h">
      <Filter>header</Filter>
    </ClInclude>
    <ClInclude Include="targetver.h">
      <Filter>header</Filter>
    </ClInclude>
  </ItemGroup>
  <ItemGroup>
    <None Include="Mobigo_Debugger.def">
      <Filter>source</Filter>
    </None>
    <None Include="res\Mobigo_Debugger.rc2">
      <Filter>resource</Filter>
    </None>
  </ItemGroup>
  <ItemGroup>
    <Filter Include="header">
      <UniqueIdentifier>{7c3c135e-1b6e-4cb5-aa43-cdbc962cc883}</UniqueIdentifier>
    </Filter>
    <Filter Include="source">
      <UniqueIdentifier>{6da5dd83-766d-48fd-8343-f33d150a4e2b}</UniqueIdentifier>
    </Filter>
    <Filter Include="resource">
      <UniqueIdentifier>{1606b5a9-81f4-44ac-91cf-c6e697df57af}</UniqueIdentifier>
    </Filter>
  </ItemGroup>
  <ItemGroup>
    <ResourceCompile Include="Mobigo_Debugger.rc">
      <Filter>resource</Filter>
    </ResourceCompile>
  </ItemGroup>
</Project>